{
  "version": 4,
  "terraform_version": "1.1.7",
  "serial": 7,
  "lineage": "175631b1-bbcc-75b9-97c4-8b828a90419d",
  "outputs": {},
  "resources": [
    {
      "mode": "data",
      "type": "azurerm_client_config",
      "name": "current",
      "provider": "provider[\"registry.terraform.io/hashicorp/azurerm\"]",
      "instances": [
        {
          "schema_version": 0,
          "attributes": {
            "client_id": "04b07795-8ddb-461a-bbee-02f9e1bf7b46",
            "id": "2022-06-13 08:42:29.1441527 +0000 UTC",
            "object_id": "b10411bf-726d-434f-908f-0fe14fe5741d",
            "subscription_id": "27fac3ba-7488-495b-8113-0872bb91d732",
            "tenant_id": "0219a9db-68f7-427b-bf99-702fd5cef910",
            "timeouts": null
          },
          "sensitive_attributes": []
        }
      ]
    },
    {
      "mode": "managed",
      "type": "azurerm_network_interface",
      "name": "vmnic",
      "provider": "provider[\"registry.terraform.io/hashicorp/azurerm\"]",
      "instances": [
        {
          "schema_version": 0,
          "attributes": {
            "applied_dns_servers": [],
            "dns_servers": [],
            "edge_zone": "",
            "enable_accelerated_networking": false,
            "enable_ip_forwarding": false,
            "id": "/subscriptions/27fac3ba-7488-495b-8113-0872bb91d732/resourceGroups/Afreen-app01/providers/Microsoft.Network/networkInterfaces/Afreenvm01nic",
            "internal_dns_name_label": "",
            "internal_domain_name_suffix": "zfql0332zsmuvkpzbhyi3gudzc.zx.internal.cloudapp.net",
            "ip_configuration": [
              {
                "gateway_load_balancer_frontend_ip_configuration_id": "",
                "name": "internal",
                "primary": true,
                "private_ip_address": "10.0.1.4",
                "private_ip_address_allocation": "Dynamic",
                "private_ip_address_version": "IPv4",
                "public_ip_address_id": "",
                "subnet_id": "/subscriptions/27fac3ba-7488-495b-8113-0872bb91d732/resourceGroups/Afreen-app01/providers/Microsoft.Network/virtualNetworks/Afreenvnet/subnets/VM"
              }
            ],
            "location": "uksouth",
            "mac_address": "",
            "name": "Afreenvm01nic",
            "private_ip_address": "10.0.1.4",
            "private_ip_addresses": [
              "10.0.1.4"
            ],
            "resource_group_name": "Afreen-app01",
            "tags": null,
            "timeouts": null,
            "virtual_machine_id": ""
          },
          "sensitive_attributes": [],
          "private": "eyJlMmJmYjczMC1lY2FhLTExZTYtOGY4OC0zNDM2M2JjN2M0YzAiOnsiY3JlYXRlIjoxODAwMDAwMDAwMDAwLCJkZWxldGUiOjE4MDAwMDAwMDAwMDAsInJlYWQiOjMwMDAwMDAwMDAwMCwidXBkYXRlIjoxODAwMDAwMDAwMDAwfX0=",
          "dependencies": [
            "azurerm_resource_group.rg",
            "azurerm_subnet.sn",
            "azurerm_virtual_network.vnet"
          ]
        }
      ]
    },
    {
      "mode": "managed",
      "type": "azurerm_resource_group",
      "name": "rg",
      "provider": "provider[\"registry.terraform.io/hashicorp/azurerm\"]",
      "instances": [
        {
          "schema_version": 0,
          "attributes": {
            "id": "/subscriptions/27fac3ba-7488-495b-8113-0872bb91d732/resourceGroups/Afreen-app01",
            "location": "uksouth",
            "name": "Afreen-app01",
            "tags": null,
            "timeouts": null
          },
          "sensitive_attributes": [],
          "private": "eyJlMmJmYjczMC1lY2FhLTExZTYtOGY4OC0zNDM2M2JjN2M0YzAiOnsiY3JlYXRlIjo1NDAwMDAwMDAwMDAwLCJkZWxldGUiOjU0MDAwMDAwMDAwMDAsInJlYWQiOjMwMDAwMDAwMDAwMCwidXBkYXRlIjo1NDAwMDAwMDAwMDAwfX0="
        }
      ]
    },
    {
      "mode": "managed",
      "type": "azurerm_storage_account",
      "name": "afreensa",
      "provider": "provider[\"registry.terraform.io/hashicorp/azurerm\"]",
      "instances": [
        {
          "schema_version": 3,
          "attributes": {
            "access_tier": "Hot",
            "account_kind": "StorageV2",
            "account_replication_type": "LRS",
            "account_tier": "Standard",
            "allow_nested_items_to_be_public": true,
            "azure_files_authentication": [],
            "blob_properties": [
              {
                "change_feed_enabled": false,
                "container_delete_retention_policy": [],
                "cors_rule": [],
                "default_service_version": "",
                "delete_retention_policy": [],
                "last_access_time_enabled": false,
                "versioning_enabled": false
              }
            ],
            "cross_tenant_replication_enabled": true,
            "custom_domain": [],
            "customer_managed_key": [],
            "edge_zone": "",
            "enable_https_traffic_only": true,
            "id": "/subscriptions/27fac3ba-7488-495b-8113-0872bb91d732/resourceGroups/Afreen-app01/providers/Microsoft.Storage/storageAccounts/afreensa",
            "identity": [],
            "infrastructure_encryption_enabled": false,
            "is_hns_enabled": false,
            "large_file_share_enabled": null,
            "location": "uksouth",
            "min_tls_version": "TLS1_2",
            "name": "afreensa",
            "network_rules": [
              {
                "bypass": [
                  "AzureServices"
                ],
                "default_action": "Allow",
                "ip_rules": [],
                "private_link_access": [],
                "virtual_network_subnet_ids": []
              }
            ],
            "nfsv3_enabled": false,
            "primary_access_key": "jafIMtFN+tG3ZNPLa5hnXkQb++bOjUidd5BXBBtmh6jVL7cmwk+8/Kyg4tHIw8tTrc+LSnElJzbH+AStnLncxw==",
            "primary_blob_connection_string": "DefaultEndpointsProtocol=https;BlobEndpoint=https://afreensa.blob.core.windows.net/;AccountName=afreensa;AccountKey=jafIMtFN+tG3ZNPLa5hnXkQb++bOjUidd5BXBBtmh6jVL7cmwk+8/Kyg4tHIw8tTrc+LSnElJzbH+AStnLncxw==",
            "primary_blob_endpoint": "https://afreensa.blob.core.windows.net/",
            "primary_blob_host": "afreensa.blob.core.windows.net",
            "primary_connection_string": "DefaultEndpointsProtocol=https;AccountName=afreensa;AccountKey=jafIMtFN+tG3ZNPLa5hnXkQb++bOjUidd5BXBBtmh6jVL7cmwk+8/Kyg4tHIw8tTrc+LSnElJzbH+AStnLncxw==;EndpointSuffix=core.windows.net",
            "primary_dfs_endpoint": "https://afreensa.dfs.core.windows.net/",
            "primary_dfs_host": "afreensa.dfs.core.windows.net",
            "primary_file_endpoint": "https://afreensa.file.core.windows.net/",
            "primary_file_host": "afreensa.file.core.windows.net",
            "primary_location": "uksouth",
            "primary_queue_endpoint": "https://afreensa.queue.core.windows.net/",
            "primary_queue_host": "afreensa.queue.core.windows.net",
            "primary_table_endpoint": "https://afreensa.table.core.windows.net/",
            "primary_table_host": "afreensa.table.core.windows.net",
            "primary_web_endpoint": "https://afreensa.z33.web.core.windows.net/",
            "primary_web_host": "afreensa.z33.web.core.windows.net",
            "queue_encryption_key_type": "Service",
            "queue_properties": [
              {
                "cors_rule": [],
                "hour_metrics": [
                  {
                    "enabled": true,
                    "include_apis": true,
                    "retention_policy_days": 7,
                    "version": "1.0"
                  }
                ],
                "logging": [
                  {
                    "delete": false,
                    "read": false,
                    "retention_policy_days": 0,
                    "version": "1.0",
                    "write": false
                  }
                ],
                "minute_metrics": [
                  {
                    "enabled": false,
                    "include_apis": false,
                    "retention_policy_days": 0,
                    "version": "1.0"
                  }
                ]
              }
            ],
            "resource_group_name": "Afreen-app01",
            "routing": [],
            "secondary_access_key": "2sFpSNUWkHA2cnvoyRFKF5CycATPjw79y5XDCsofTxvIqSEUzI+spm+nv+dqQonnZP0D6IHZI5XN+ASt6KkK9Q==",
            "secondary_blob_connection_string": "",
            "secondary_blob_endpoint": null,
            "secondary_blob_host": null,
            "secondary_connection_string": "DefaultEndpointsProtocol=https;AccountName=afreensa;AccountKey=2sFpSNUWkHA2cnvoyRFKF5CycATPjw79y5XDCsofTxvIqSEUzI+spm+nv+dqQonnZP0D6IHZI5XN+ASt6KkK9Q==;EndpointSuffix=core.windows.net",
            "secondary_dfs_endpoint": null,
            "secondary_dfs_host": null,
            "secondary_file_endpoint": null,
            "secondary_file_host": null,
            "secondary_location": "",
            "secondary_queue_endpoint": null,
            "secondary_queue_host": null,
            "secondary_table_endpoint": null,
            "secondary_table_host": null,
            "secondary_web_endpoint": null,
            "secondary_web_host": null,
            "share_properties": [
              {
                "cors_rule": [],
                "retention_policy": [
                  {
                    "days": 7
                  }
                ],
                "smb": []
              }
            ],
            "shared_access_key_enabled": true,
            "static_website": [],
            "table_encryption_key_type": "Service",
            "tags": {
              "environment": "Afreenrox"
            },
            "timeouts": null
          },
          "sensitive_attributes": [],
          "private": "eyJlMmJmYjczMC1lY2FhLTExZTYtOGY4OC0zNDM2M2JjN2M0YzAiOnsiY3JlYXRlIjozNjAwMDAwMDAwMDAwLCJkZWxldGUiOjM2MDAwMDAwMDAwMDAsInJlYWQiOjMwMDAwMDAwMDAwMCwidXBkYXRlIjozNjAwMDAwMDAwMDAwfSwic2NoZW1hX3ZlcnNpb24iOiIzIn0=",
          "dependencies": [
            "azurerm_resource_group.rg"
          ]
        }
      ]
    },
    {
      "mode": "managed",
      "type": "azurerm_subnet",
      "name": "sn",
      "provider": "provider[\"registry.terraform.io/hashicorp/azurerm\"]",
      "instances": [
        {
          "schema_version": 0,
          "attributes": {
            "address_prefixes": [
              "10.0.1.0/24"
            ],
            "delegation": [],
            "enforce_private_link_endpoint_network_policies": false,
            "enforce_private_link_service_network_policies": false,
            "id": "/subscriptions/27fac3ba-7488-495b-8113-0872bb91d732/resourceGroups/Afreen-app01/providers/Microsoft.Network/virtualNetworks/Afreenvnet/subnets/VM",
            "name": "VM",
            "resource_group_name": "Afreen-app01",
            "service_endpoint_policy_ids": null,
            "service_endpoints": null,
            "timeouts": null,
            "virtual_network_name": "Afreenvnet"
          },
          "sensitive_attributes": [],
          "private": "eyJlMmJmYjczMC1lY2FhLTExZTYtOGY4OC0zNDM2M2JjN2M0YzAiOnsiY3JlYXRlIjoxODAwMDAwMDAwMDAwLCJkZWxldGUiOjE4MDAwMDAwMDAwMDAsInJlYWQiOjMwMDAwMDAwMDAwMCwidXBkYXRlIjoxODAwMDAwMDAwMDAwfX0=",
          "dependencies": [
            "azurerm_resource_group.rg",
            "azurerm_virtual_network.vnet"
          ]
        }
      ]
    },
    {
      "mode": "managed",
      "type": "azurerm_virtual_machine",
      "name": "Afreenvm01",
      "provider": "provider[\"registry.terraform.io/hashicorp/azurerm\"]",
      "instances": [
        {
          "schema_version": 0,
          "attributes": {
            "additional_capabilities": [],
            "availability_set_id": null,
            "boot_diagnostics": [],
            "delete_data_disks_on_termination": false,
            "delete_os_disk_on_termination": false,
            "id": "/subscriptions/27fac3ba-7488-495b-8113-0872bb91d732/resourceGroups/Afreen-app01/providers/Microsoft.Compute/virtualMachines/Afreenvm01",
            "identity": [],
            "license_type": null,
            "location": "uksouth",
            "name": "Afreenvm01",
            "network_interface_ids": [
              "/subscriptions/27fac3ba-7488-495b-8113-0872bb91d732/resourceGroups/Afreen-app01/providers/Microsoft.Network/networkInterfaces/Afreenvm01nic"
            ],
            "os_profile": [
              {
                "admin_password": "",
                "admin_username": "Afreen",
                "computer_name": "Afreenvm01",
                "custom_data": ""
              }
            ],
            "os_profile_linux_config": [],
            "os_profile_secrets": [],
            "os_profile_windows_config": [
              {
                "additional_unattend_config": [],
                "enable_automatic_upgrades": false,
                "provision_vm_agent": false,
                "timezone": "",
                "winrm": []
              }
            ],
            "plan": [],
            "primary_network_interface_id": null,
            "proximity_placement_group_id": null,
            "resource_group_name": "Afreen-app01",
            "storage_data_disk": [],
            "storage_image_reference": [
              {
                "id": "",
                "offer": "WindowsServer",
                "publisher": "MicrosoftWindowsServer",
                "sku": "2016-Datacenter-Server-Core-smalldisk",
                "version": "latest"
              }
            ],
            "storage_os_disk": [
              {
                "caching": "ReadWrite",
                "create_option": "FromImage",
                "disk_size_gb": 30,
                "image_uri": "",
                "managed_disk_id": "/subscriptions/27fac3ba-7488-495b-8113-0872bb91d732/resourceGroups/Afreen-app01/providers/Microsoft.Compute/disks/Afreenvm01os",
                "managed_disk_type": "Standard_LRS",
                "name": "Afreenvm01os",
                "os_type": "Windows",
                "vhd_uri": "",
                "write_accelerator_enabled": false
              }
            ],
            "tags": null,
            "timeouts": null,
            "vm_size": "Standard_B2s",
            "zones": null
          },
          "sensitive_attributes": [],
          "private": "eyJlMmJmYjczMC1lY2FhLTExZTYtOGY4OC0zNDM2M2JjN2M0YzAiOnsiY3JlYXRlIjozNjAwMDAwMDAwMDAwLCJkZWxldGUiOjM2MDAwMDAwMDAwMDAsInJlYWQiOjMwMDAwMDAwMDAwMCwidXBkYXRlIjozNjAwMDAwMDAwMDAwfX0=",
          "dependencies": [
            "azurerm_network_interface.vmnic",
            "azurerm_resource_group.rg",
            "azurerm_subnet.sn",
            "azurerm_virtual_network.vnet"
          ]
        }
      ]
    },
    {
      "mode": "managed",
      "type": "azurerm_virtual_network",
      "name": "vnet",
      "provider": "provider[\"registry.terraform.io/hashicorp/azurerm\"]",
      "instances": [
        {
          "schema_version": 0,
          "attributes": {
            "address_space": [
              "10.0.0.0/16"
            ],
            "bgp_community": "",
            "ddos_protection_plan": [],
            "dns_servers": [],
            "edge_zone": "",
            "flow_timeout_in_minutes": 0,
            "guid": "77bd60c9-ccbc-4a99-a9f9-09f08e9a83ca",
            "id": "/subscriptions/27fac3ba-7488-495b-8113-0872bb91d732/resourceGroups/Afreen-app01/providers/Microsoft.Network/virtualNetworks/Afreenvnet",
            "location": "uksouth",
            "name": "Afreenvnet",
            "resource_group_name": "Afreen-app01",
            "subnet": [],
            "tags": null,
            "timeouts": null
          },
          "sensitive_attributes": [],
          "private": "eyJlMmJmYjczMC1lY2FhLTExZTYtOGY4OC0zNDM2M2JjN2M0YzAiOnsiY3JlYXRlIjoxODAwMDAwMDAwMDAwLCJkZWxldGUiOjE4MDAwMDAwMDAwMDAsInJlYWQiOjMwMDAwMDAwMDAwMCwidXBkYXRlIjoxODAwMDAwMDAwMDAwfX0=",
          "dependencies": [
            "azurerm_resource_group.rg"
          ]
        }
      ]
    }
  ]
}
